// !$*UTF8*$!
{
	archiveVersion = 1;
	classes = {
	};
	objectVersion = 56;
	objects = {

/* Begin PBXBuildFile section */
		61A38B615B9E4A739983FA81 /* SeratoDynamicAnalyzerApp.swift in Sources */ = {isa = PBXBuildFile; fileRef = A94F6BEB77C34E35B5667E6E /* SeratoDynamicAnalyzerApp.swift */; };
		74D8D60094DE414B9F2AE985 /* ContentView.swift in Sources */ = {isa = PBXBuildFile; fileRef = FA1B2F63D1454AF1B3DFDDCD /* ContentView.swift */; };
		98C200FB7AA34CD19C354B6F /* PythonBridge.swift in Sources */ = {isa = PBXBuildFile; fileRef = DA5F3CA8DD4D409EB2FA85DC /* PythonBridge.swift */; };
		887B28D760A54F55A67B0AF9 /* AnalysisResult.swift in Sources */ = {isa = PBXBuildFile; fileRef = BE73763C9F3741B480B94D12 /* AnalysisResult.swift */; };
		9E2B7B41B4AF4B4583C0FD8D /* SeratoDynamicAnalyzer.entitlements in Resources */ = {isa = PBXBuildFile; fileRef = FEF01BB9A4D6454CBE75F598 /* SeratoDynamicAnalyzer.entitlements */; };
		AA11000000000001 /* TrackItem.swift in Sources */ = {isa = PBXBuildFile; fileRef = AA11000000000002 /* TrackItem.swift */; };
		AA11000000000003 /* BatchViewModel.swift in Sources */ = {isa = PBXBuildFile; fileRef = AA11000000000004 /* BatchViewModel.swift */; };
		AA11000000000005 /* BatchHeaderView.swift in Sources */ = {isa = PBXBuildFile; fileRef = AA11000000000006 /* BatchHeaderView.swift */; };
		AA11000000000007 /* BatchQueueView.swift in Sources */ = {isa = PBXBuildFile; fileRef = AA11000000000008 /* BatchQueueView.swift */; };
		AA11000000000009 /* TrackRowView.swift in Sources */ = {isa = PBXBuildFile; fileRef = AA1100000000000A /* TrackRowView.swift */; };
/* End PBXBuildFile section */

/* Begin PBXFileReference section */
		36E43F45C9EE427D8F8EA330 /* SeratoDynamicAnalyzer.app */ = {isa = PBXFileReference; explicitFileType = wrapper.application; includeInIndex = 0; path = SeratoDynamicAnalyzer.app; sourceTree = BUILT_PRODUCTS_DIR; };
		A94F6BEB77C34E35B5667E6E /* SeratoDynamicAnalyzerApp.swift */ = {isa = PBXFileReference; lastKnownFileType = sourcecode.swift; path = SeratoDynamicAnalyzerApp.swift; sourceTree = "<group>"; };
		FA1B2F63D1454AF1B3DFDDCD /* ContentView.swift */ = {isa = PBXFileReference; lastKnownFileType = sourcecode.swift; path = ContentView.swift; sourceTree = "<group>"; };
		DA5F3CA8DD4D409EB2FA85DC /* PythonBridge.swift */ = {isa = PBXFileReference; lastKnownFileType = sourcecode.swift; path = PythonBridge.swift; sourceTree = "<group>"; };
		BE73763C9F3741B480B94D12 /* AnalysisResult.swift */ = {isa = PBXFileReference; lastKnownFileType = sourcecode.swift; path = AnalysisResult.swift; sourceTree = "<group>"; };
		FEF01BB9A4D6454CBE75F598 /* SeratoDynamicAnalyzer.entitlements */ = {isa = PBXFileReference; lastKnownFileType = text.plist.entitlements; path = SeratoDynamicAnalyzer.entitlements; sourceTree = "<group>"; };
		335A87C8176945308CD9B013 /* Info.plist */ = {isa = PBXFileReference; lastKnownFileType = text.plist.xml; path = Info.plist; sourceTree = "<group>"; };
		AA11000000000002 /* TrackItem.swift */ = {isa = PBXFileReference; lastKnownFileType = sourcecode.swift; path = TrackItem.swift; sourceTree = "<group>"; };
		AA11000000000004 /* BatchViewModel.swift */ = {isa = PBXFileReference; lastKnownFileType = sourcecode.swift; path = BatchViewModel.swift; sourceTree = "<group>"; };
		AA11000000000006 /* BatchHeaderView.swift */ = {isa = PBXFileReference; lastKnownFileType = sourcecode.swift; path = BatchHeaderView.swift; sourceTree = "<group>"; };
		AA11000000000008 /* BatchQueueView.swift */ = {isa = PBXFileReference; lastKnownFileType = sourcecode.swift; path = BatchQueueView.swift; sourceTree = "<group>"; };
		AA1100000000000A /* TrackRowView.swift */ = {isa = PBXFileReference; lastKnownFileType = sourcecode.swift; path = TrackRowView.swift; sourceTree = "<group>"; };
/* End PBXFileReference section */

/* Begin PBXFrameworksBuildPhase section */
		12B6132D65D64BA9A2686A00 /* Frameworks */ = {
			isa = PBXFrameworksBuildPhase;
			buildActionMask = 2147483647;
			files = (
			);
			runOnlyForDeploymentPostprocessing = 0;
		};
/* End PBXFrameworksBuildPhase section */

/* Begin PBXGroup section */
		D03C9BD6D4854C708FF7E130 /* SeratoDynamicAnalyzer */ = {
			isa = PBXGroup;
			children = (
				076B94DE432445C8A655A01D /* Sources */,
				FF0752D7EC1D423F997E6EF9 /* Resources */,
				BBEDA3A01E7D4026A9E4B1EB /* Products */,
			);
			sourceTree = "<group>";
		};
		BBEDA3A01E7D4026A9E4B1EB /* Products */ = {
			isa = PBXGroup;
			children = (
				36E43F45C9EE427D8F8EA330 /* SeratoDynamicAnalyzer.app */,
			);
			name = Products;
			sourceTree = "<group>";
		};
		076B94DE432445C8A655A01D /* Sources */ = {
			isa = PBXGroup;
			children = (
				A94F6BEB77C34E35B5667E6E /* SeratoDynamicAnalyzerApp.swift */,
				FA1B2F63D1454AF1B3DFDDCD /* ContentView.swift */,
				DA5F3CA8DD4D409EB2FA85DC /* PythonBridge.swift */,
				3722DD792802419DA1EFB581 /* Models */,
				AA11000000000010 /* ViewModels */,
				AA11000000000011 /* Views */,
			);
			path = SeratoDynamicAnalyzer;
			sourceTree = "<group>";
		};
		3722DD792802419DA1EFB581 /* Models */ = {
			isa = PBXGroup;
			children = (
				BE73763C9F3741B480B94D12 /* AnalysisResult.swift */,
				AA11000000000002 /* TrackItem.swift */,
			);
			path = Models;
			sourceTree = "<group>";
		};
		AA11000000000010 /* ViewModels */ = {
			isa = PBXGroup;
			children = (
				AA11000000000004 /* BatchViewModel.swift */,
			);
			path = ViewModels;
			sourceTree = "<group>";
		};
		AA11000000000011 /* Views */ = {
			isa = PBXGroup;
			children = (
				AA11000000000006 /* BatchHeaderView.swift */,
				AA11000000000008 /* BatchQueueView.swift */,
				AA1100000000000A /* TrackRowView.swift */,
			);
			path = Views;
			sourceTree = "<group>";
		};
		FF0752D7EC1D423F997E6EF9 /* Resources */ = {
			isa = PBXGroup;
			children = (
				FEF01BB9A4D6454CBE75F598 /* SeratoDynamicAnalyzer.entitlements */,
				335A87C8176945308CD9B013 /* Info.plist */,
			);
			path = Resources;
			sourceTree = "<group>";
		};
/* End PBXGroup section */

/* Begin PBXNativeTarget section */
		9E14526040C54A2AA17663D2 /* SeratoDynamicAnalyzer */ = {
			isa = PBXNativeTarget;
			buildConfigurationList = 05F2A6B6115641389F930650 /* Build configuration list for PBXNativeTarget "SeratoDynamicAnalyzer" */;
			buildPhases = (
				AC0B02F577D44CCF9F027BC7 /* Sources */,
				12B6132D65D64BA9A2686A00 /* Frameworks */,
				84342114717A4347BD275078 /* Resources */,
			);
			buildRules = (
			);
			dependencies = (
			);
			name = SeratoDynamicAnalyzer;
			productName = SeratoDynamicAnalyzer;
			productReference = 36E43F45C9EE427D8F8EA330 /* SeratoDynamicAnalyzer.app */;
			productType = "com.apple.product-type.application";
		};
/* End PBXNativeTarget section */

/* Begin PBXProject section */
		F081F71178D5420A8630DBA6 /* Project object */ = {
			isa = PBXProject;
			attributes = {
				BuildIndependentTargetsInParallel = 1;
				LastSwiftUpdateCheck = 1610;
				LastUpgradeCheck = 1610;
				ORGANIZATIONNAME = "de.inevents";
			};
			buildConfigurationList = D0333E8FBBB444C88205B25D /* Build configuration list for PBXProject "SeratoDynamicAnalyzer" */;
			compatibilityVersion = "Xcode 14.0";
			developmentRegion = en;
			hasScannedForEncodings = 0;
			knownRegions = (
				en,
				Base,
			);
			mainGroup = D03C9BD6D4854C708FF7E130;
			productRefGroup = BBEDA3A01E7D4026A9E4B1EB /* Products */;
			projectDirPath = "";
			projectRoot = "";
			targets = (
				9E14526040C54A2AA17663D2 /* SeratoDynamicAnalyzer */,
			);
		};
/* End PBXProject section */

/* Begin PBXResourcesBuildPhase section */
		84342114717A4347BD275078 /* Resources */ = {
			isa = PBXResourcesBuildPhase;
			buildActionMask = 2147483647;
			files = (
			);
			runOnlyForDeploymentPostprocessing = 0;
		};
/* End PBXResourcesBuildPhase section */

/* Begin PBXSourcesBuildPhase section */
		AC0B02F577D44CCF9F027BC7 /* Sources */ = {
			isa = PBXSourcesBuildPhase;
			buildActionMask = 2147483647;
			files = (
				61A38B615B9E4A739983FA81 /* SeratoDynamicAnalyzerApp.swift in Sources */,
				74D8D60094DE414B9F2AE985 /* ContentView.swift in Sources */,
				98C200FB7AA34CD19C354B6F /* PythonBridge.swift in Sources */,
				887B28D760A54F55A67B0AF9 /* AnalysisResult.swift in Sources */,
				AA11000000000001 /* TrackItem.swift in Sources */,
				AA11000000000003 /* BatchViewModel.swift in Sources */,
				AA11000000000005 /* BatchHeaderView.swift in Sources */,
				AA11000000000007 /* BatchQueueView.swift in Sources */,
				AA11000000000009 /* TrackRowView.swift in Sources */,
			);
			runOnlyForDeploymentPostprocessing = 0;
		};
/* End PBXSourcesBuildPhase section */

/* Begin XCBuildConfiguration section */
		FA8F40C2CEE64FD8901F22BE /* Debug */ = {
			isa = XCBuildConfiguration;
			buildSettings = {
				ALWAYS_SEARCH_USER_PATHS = NO;
				ASSETCATALOG_COMPILER_GENERATE_SWIFT_ASSET_SYMBOL_EXTENSIONS = YES;
				CLANG_ANALYZER_NONNULL = YES;
				CLANG_ANALYZER_NUMBER_OBJECT_CONVERSION = YES_AGGRESSIVE;
				CLANG_CXX_LANGUAGE_STANDARD = "gnu++20";
				CLANG_ENABLE_MODULES = YES;
				CLANG_ENABLE_OBJC_ARC = YES;
				CLANG_ENABLE_OBJC_WEAK = YES;
				CLANG_WARN_BLOCK_CAPTURE_AUTORELEASING = YES;
				CLANG_WARN_BOOL_CONVERSION = YES;
				CLANG_WARN_COMMA = YES;
				CLANG_WARN_CONSTANT_CONVERSION = YES;
				CLANG_WARN_DEPRECATED_OBJC_IMPLEMENTATIONS = YES;
				CLANG_WARN_DIRECT_OBJC_ISA_USAGE = YES_ERROR;
				CLANG_WARN_DOCUMENTATION_COMMENTS = YES;
				CLANG_WARN_EMPTY_BODY = YES;
				CLANG_WARN_ENUM_CONVERSION = YES;
				CLANG_WARN_INFINITE_RECURSION = YES;
				CLANG_WARN_INT_CONVERSION = YES;
				CLANG_WARN_NON_LITERAL_NULL_CONVERSION = YES;
				CLANG_WARN_OBJC_IMPLICIT_RETAIN_SELF = YES;
				CLANG_WARN_OBJC_LITERAL_CONVERSION = YES;
				CLANG_WARN_OBJC_ROOT_CLASS = YES_ERROR;
				CLANG_WARN_QUOTED_INCLUDE_IN_FRAMEWORK_HEADER = YES;
				CLANG_WARN_RANGE_LOOP_ANALYSIS = YES;
				CLANG_WARN_STRICT_PROTOTYPES = YES;
				CLANG_WARN_SUSPICIOUS_MOVE = YES;
				CLANG_WARN_UNGUARDED_AVAILABILITY = YES_AGGRESSIVE;
				CLANG_WARN_UNREACHABLE_CODE = YES;
				CLANG_WARN__DUPLICATE_METHOD_MATCH = YES;
				COPY_PHASE_STRIP = NO;
				DEBUG_INFORMATION_FORMAT = dwarf;
				ENABLE_STRICT_OBJC_MSGSEND = YES;
				ENABLE_TESTABILITY = YES;
				ENABLE_USER_SCRIPT_SANDBOXING = YES;
				GCC_C_LANGUAGE_STANDARD = gnu17;
				GCC_DYNAMIC_NO_PIC = NO;
				GCC_NO_COMMON_BLOCKS = YES;
				GCC_OPTIMIZATION_LEVEL = 0;
				GCC_PREPROCESSOR_DEFINITIONS = (
					"DEBUG=1",
					"$(inherited)",
				);
				GCC_WARN_64_TO_32_BIT_CONVERSION = YES;
				GCC_WARN_ABOUT_RETURN_TYPE = YES_ERROR;
				GCC_WARN_UNDECLARED_SELECTOR = YES;
				GCC_WARN_UNINITIALIZED_AUTOS = YES_AGGRESSIVE;
				GCC_WARN_UNUSED_FUNCTION = YES;
				GCC_WARN_UNUSED_VARIABLE = YES;
				LOCALIZATION_PREFERS_STRING_CATALOGS = YES;
				MACOSX_DEPLOYMENT_TARGET = 13.0;
				MTL_ENABLE_DEBUG_INFO = INCLUDE_SOURCE;
				MTL_FAST_MATH = YES;
				ONLY_ACTIVE_ARCH = YES;
				SDKROOT = macosx;
				SWIFT_ACTIVE_COMPILATION_CONDITIONS = "DEBUG $(inherited)";
				SWIFT_OPTIMIZATION_LEVEL = "-Onone";
			};
			name = Debug;
		};
		53FCF0E585D645058911DCE0 /* Release */ = {
			isa = XCBuildConfiguration;
			buildSettings = {
				ALWAYS_SEARCH_USER_PATHS = NO;
				ASSETCATALOG_COMPILER_GENERATE_SWIFT_ASSET_SYMBOL_EXTENSIONS = YES;
				CLANG_ANALYZER_NONNULL = YES;
				CLANG_ANALYZER_NUMBER_OBJECT_CONVERSION = YES_AGGRESSIVE;
				CLANG_CXX_LANGUAGE_STANDARD = "gnu++20";
				CLANG_ENABLE_MODULES = YES;
				CLANG_ENABLE_OBJC_ARC = YES;
				CLANG_ENABLE_OBJC_WEAK = YES;
				CLANG_WARN_BLOCK_CAPTURE_AUTORELEASING = YES;
				CLANG_WARN_BOOL_CONVERSION = YES;
				CLANG_WARN_COMMA = YES;
				CLANG_WARN_CONSTANT_CONVERSION = YES;
				CLANG_WARN_DEPRECATED_OBJC_IMPLEMENTATIONS = YES;
				CLANG_WARN_DIRECT_OBJC_ISA_USAGE = YES_ERROR;
				CLANG_WARN_DOCUMENTATION_COMMENTS = YES;
				CLANG_WARN_EMPTY_BODY = YES;
				CLANG_WARN_ENUM_CONVERSION = YES;
				CLANG_WARN_INFINITE_RECURSION = YES;
				CLANG_WARN_INT_CONVERSION = YES;
				CLANG_WARN_NON_LITERAL_NULL_CONVERSION = YES;
				CLANG_WARN_OBJC_IMPLICIT_RETAIN_SELF = YES;
				CLANG_WARN_OBJC_LITERAL_CONVERSION = YES;
				CLANG_WARN_OBJC_ROOT_CLASS = YES_ERROR;
				CLANG_WARN_QUOTED_INCLUDE_IN_FRAMEWORK_HEADER = YES;
				CLANG_WARN_RANGE_LOOP_ANALYSIS = YES;
				CLANG_WARN_STRICT_PROTOTYPES = YES;
				CLANG_WARN_SUSPICIOUS_MOVE = YES;
				CLANG_WARN_UNGUARDED_AVAILABILITY = YES_AGGRESSIVE;
				CLANG_WARN_UNREACHABLE_CODE = YES;
				CLANG_WARN__DUPLICATE_METHOD_MATCH = YES;
				COPY_PHASE_STRIP = NO;
				DEBUG_INFORMATION_FORMAT = "dwarf-with-dsym";
				ENABLE_NS_ASSERTIONS = NO;
				ENABLE_STRICT_OBJC_MSGSEND = YES;
				ENABLE_USER_SCRIPT_SANDBOXING = YES;
				GCC_C_LANGUAGE_STANDARD = gnu17;
				GCC_NO_COMMON_BLOCKS = YES;
				GCC_WARN_64_TO_32_BIT_CONVERSION = YES;
				GCC_WARN_ABOUT_RETURN_TYPE = YES_ERROR;
				GCC_WARN_UNDECLARED_SELECTOR = YES;
				GCC_WARN_UNINITIALIZED_AUTOS = YES_AGGRESSIVE;
				GCC_WARN_UNUSED_FUNCTION = YES;
				GCC_WARN_UNUSED_VARIABLE = YES;
				LOCALIZATION_PREFERS_STRING_CATALOGS = YES;
				MACOSX_DEPLOYMENT_TARGET = 13.0;
				MTL_FAST_MATH = YES;
				SDKROOT = macosx;
				SWIFT_COMPILATION_MODE = wholemodule;
			};
			name = Release;
		};
		0B96FD50AC9C4473ADDD47B3 /* Debug */ = {
			isa = XCBuildConfiguration;
			buildSettings = {
				ASSETCATALOG_COMPILER_APPICON_NAME = AppIcon;
				ASSETCATALOG_COMPILER_GLOBAL_ACCENT_COLOR_NAME = AccentColor;
				CODE_SIGN_ENTITLEMENTS = SeratoDynamicAnalyzer/Resources/SeratoDynamicAnalyzer.entitlements;
				CODE_SIGN_IDENTITY = "-";
				CODE_SIGN_STYLE = Manual;
				COMBINE_HIDPI_IMAGES = YES;
				CURRENT_PROJECT_VERSION = 1;
				DEVELOPMENT_TEAM = "";
				ENABLE_HARDENED_RUNTIME = YES;
				ENABLE_PREVIEWS = YES;
				GENERATE_INFOPLIST_FILE = NO;
				INFOPLIST_FILE = SeratoDynamicAnalyzer/Resources/Info.plist;
				INFOPLIST_KEY_NSHumanReadableCopyright = "Copyright © 2026 de.inevents. All rights reserved.";
				LD_RUNPATH_SEARCH_PATHS = (
					"$(inherited)",
					"@executable_path/../Frameworks",
				);
				MACOSX_DEPLOYMENT_TARGET = 13.0;
				MARKETING_VERSION = 1.0;
				PRODUCT_BUNDLE_IDENTIFIER = "de.inevents.serato-dynamic-analyzer";
				PRODUCT_NAME = "$(TARGET_NAME)";
				PROVISIONING_PROFILE_SPECIFIER = "";
				SDKROOT = macosx;
				SWIFT_EMIT_LOC_STRINGS = YES;
				SWIFT_VERSION = 5.0;
			};
			name = Debug;
		};
		5643DC2F33224841BCFDECF6 /* Release */ = {
			isa = XCBuildConfiguration;
			buildSettings = {
				ASSETCATALOG_COMPILER_APPICON_NAME = AppIcon;
				ASSETCATALOG_COMPILER_GLOBAL_ACCENT_COLOR_NAME = AccentColor;
				CODE_SIGN_ENTITLEMENTS = SeratoDynamicAnalyzer/Resources/SeratoDynamicAnalyzer.entitlements;
				CODE_SIGN_IDENTITY = "-";
				CODE_SIGN_STYLE = Manual;
				COMBINE_HIDPI_IMAGES = YES;
				CURRENT_PROJECT_VERSION = 1;
				DEVELOPMENT_TEAM = "";
				ENABLE_HARDENED_RUNTIME = YES;
				GENERATE_INFOPLIST_FILE = NO;
				INFOPLIST_FILE = SeratoDynamicAnalyzer/Resources/Info.plist;
				INFOPLIST_KEY_NSHumanReadableCopyright = "Copyright © 2026 de.inevents. All rights reserved.";
				LD_RUNPATH_SEARCH_PATHS = (
					"$(inherited)",
					"@executable_path/../Frameworks",
				);
				MACOSX_DEPLOYMENT_TARGET = 13.0;
				MARKETING_VERSION = 1.0;
				PRODUCT_BUNDLE_IDENTIFIER = "de.inevents.serato-dynamic-analyzer";
				PRODUCT_NAME = "$(TARGET_NAME)";
				PROVISIONING_PROFILE_SPECIFIER = "";
				SDKROOT = macosx;
				SWIFT_EMIT_LOC_STRINGS = YES;
				SWIFT_VERSION = 5.0;
			};
			name = Release;
		};
/* End XCBuildConfiguration section */

/* Begin XCConfigurationList section */
		D0333E8FBBB444C88205B25D /* Build configuration list for PBXProject "SeratoDynamicAnalyzer" */ = {
			isa = XCConfigurationList;
			buildConfigurations = (
				FA8F40C2CEE64FD8901F22BE /* Debug */,
				53FCF0E585D645058911DCE0 /* Release */,
			);
			defaultConfigurationIsVisible = 0;
			defaultConfigurationName = Release;
		};
		05F2A6B6115641389F930650 /* Build configuration list for PBXNativeTarget "SeratoDynamicAnalyzer" */ = {
			isa = XCConfigurationList;
			buildConfigurations = (
				0B96FD50AC9C4473ADDD47B3 /* Debug */,
				5643DC2F33224841BCFDECF6 /* Release */,
			);
			defaultConfigurationIsVisible = 0;
			defaultConfigurationName = Release;
		};
/* End XCConfigurationList section */

	};
	rootObject = F081F71178D5420A8630DBA6 /* Project object */;
}
